
Microsoft Visual Studio Solution File, Format Version 12.00
# Visual Studio Version 17
VisualStudioVersion = 17.2.32616.157
MinimumVisualStudioVersion = 10.0.40219.1
Project("{FAE04EC0-301F-11D3-BF4B-00C04F79EFBC}") = "AppLanterna.Android", "AppLanterna\AppLanterna.Android\AppLanterna.Android.csproj", "{CF956512-5150-459A-B278-9CAAF1BD3CBE}"
EndProject
Project("{FAE04EC0-301F-11D3-BF4B-00C04F79EFBC}") = "AppLanterna", "AppLanterna\AppLanterna\AppLanterna.csproj", "{BBCDD6A8-669C-4B35-BD9C-0440866F1C29}"
EndProject
Global
	GlobalSection(SolutionConfigurationPlatforms) = preSolution
		Debug|Any CPU = Debug|Any CPU
		Release|Any CPU = Release|Any CPU
	EndGlobalSection
	GlobalSection(ProjectConfigurationPlatforms) = postSolution
		{CF956512-5150-459A-B278-9CAAF1BD3CBE}.Debug|Any CPU.ActiveCfg = Debug|Any CPU
		{CF956512-5150-459A-B278-9CAAF1BD3CBE}.Debug|Any CPU.Build.0 = Debug|Any CPU
		{CF956512-5150-459A-B278-9CAAF1BD3CBE}.Debug|Any CPU.Deploy.0 = Debug|Any CPU
		{CF956512-5150-459A-B278-9CAAF1BD3CBE}.Release|Any CPU.ActiveCfg = Release|Any CPU
		{CF956512-5150-459A-B278-9CAAF1BD3CBE}.Release|Any CPU.Build.0 = Release|Any CPU
		{CF956512-5150-459A-B278-9CAAF1BD3CBE}.Release|Any CPU.Deploy.0 = Release|Any CPU
		{BBCDD6A8-669C-4B35-BD9C-0440866F1C29}.Debug|Any CPU.ActiveCfg = Debug|Any CPU
		{BBCDD6A8-669C-4B35-BD9C-0440866F1C29}.Debug|Any CPU.Build.0 = Debug|Any CPU
		{BBCDD6A8-669C-4B35-BD9C-0440866F1C29}.Debug|Any CPU.Deploy.0 = Debug|Any CPU
		{BBCDD6A8-669C-4B35-BD9C-0440866F1C29}.Release|Any CPU.ActiveCfg = Release|Any CPU
		{BBCDD6A8-669C-4B35-BD9C-0440866F1C29}.Release|Any CPU.Build.0 = Release|Any CPU
		{BBCDD6A8-669C-4B35-BD9C-0440866F1C29}.Release|Any CPU.Deploy.0 = Release|Any CPU
	EndGlobalSection
	GlobalSection(SolutionProperties) = preSolution
		HideSolutionNode = FALSE
	EndGlobalSection
	GlobalSection(ExtensibilityGlobals) = postSolution
		SolutionGuid = {A9AB4909-9BCF-4F47-A2B0-673AB36789BF}
	EndGlobalSection
EndGlobal
